// !$*UTF8*$!
{
	archiveVersion = 1;
	classes = {
	};
	objectVersion = 51;
	objects = {

/* Begin PBXBuildFile section */
		43024C0F23B2A09C0067CF92 /* Main.storyboard in Resources */ = {isa = PBXBuildFile; fileRef = 43024C0E23B2A09C0067CF92 /* Main.storyboard */; };
		43024C1123B2B56D0067CF92 /* BaseViewController.swift in Sources */ = {isa = PBXBuildFile; fileRef = 43024C1023B2B56D0067CF92 /* BaseViewController.swift */; };
		43024C1323B2B5D70067CF92 /* SideNavigationViewController.swift in Sources */ = {isa = PBXBuildFile; fileRef = 43024C1223B2B5D70067CF92 /* SideNavigationViewController.swift */; };
		4394265923B351EC00B42D36 /* SideNavigationStatus.swift in Sources */ = {isa = PBXBuildFile; fileRef = 4394265823B351EC00B42D36 /* SideNavigationStatus.swift */; };
		43B3715C23A4211700D8A3CD /* ArticleViewController.swift in Sources */ = {isa = PBXBuildFile; fileRef = 43B3715B23A4211700D8A3CD /* ArticleViewController.swift */; };
		43C6BF3B23A32C9E00D485F4 /* Category.swift in Sources */ = {isa = PBXBuildFile; fileRef = 43C6BF3A23A32C9E00D485F4 /* Category.swift */; };
		43C6BF3D23A32D6F00D485F4 /* Article.swift in Sources */ = {isa = PBXBuildFile; fileRef = 43C6BF3C23A32D6F00D485F4 /* Article.swift */; };
		43E5050B23A190EC002050E8 /* AppDelegate.swift in Sources */ = {isa = PBXBuildFile; fileRef = 43E5050A23A190EC002050E8 /* AppDelegate.swift */; };
		43E5050D23A190EC002050E8 /* SceneDelegate.swift in Sources */ = {isa = PBXBuildFile; fileRef = 43E5050C23A190EC002050E8 /* SceneDelegate.swift */; };
		43E5050F23A190EC002050E8 /* HomeViewController.swift in Sources */ = {isa = PBXBuildFile; fileRef = 43E5050E23A190EC002050E8 /* HomeViewController.swift */; };
		43E5051223A190EC002050E8 /* MainContents.storyboard in Resources */ = {isa = PBXBuildFile; fileRef = 43E5051023A190EC002050E8 /* MainContents.storyboard */; };
		43E5051423A190ED002050E8 /* Assets.xcassets in Resources */ = {isa = PBXBuildFile; fileRef = 43E5051323A190ED002050E8 /* Assets.xcassets */; };
		43E5051723A190ED002050E8 /* LaunchScreen.storyboard in Resources */ = {isa = PBXBuildFile; fileRef = 43E5051523A190ED002050E8 /* LaunchScreen.storyboard */; };
		43E5052223A19269002050E8 /* Constants.swift in Sources */ = {isa = PBXBuildFile; fileRef = 43E5052123A19269002050E8 /* Constants.swift */; };
		43E5052423A1AB9B002050E8 /* CreateViewController.swift in Sources */ = {isa = PBXBuildFile; fileRef = 43E5052323A1AB9B002050E8 /* CreateViewController.swift */; };
		43F4DCE923A8470B00A06FA6 /* ManagementKeyboardViewController.swift in Sources */ = {isa = PBXBuildFile; fileRef = 43F4DCE823A8470B00A06FA6 /* ManagementKeyboardViewController.swift */; };
		43FCD7E423AAB2F500E04F69 /* Section.swift in Sources */ = {isa = PBXBuildFile; fileRef = 43FCD7E323AAB2F500E04F69 /* Section.swift */; };
		4DB29B5021678AFDFA4906EC /* Pods_Nikki.framework in Frameworks */ = {isa = PBXBuildFile; fileRef = 3BB33F838701A9D922A632F2 /* Pods_Nikki.framework */; };
/* End PBXBuildFile section */

/* Begin PBXFileReference section */
		3BB33F838701A9D922A632F2 /* Pods_Nikki.framework */ = {isa = PBXFileReference; explicitFileType = wrapper.framework; includeInIndex = 0; path = Pods_Nikki.framework; sourceTree = BUILT_PRODUCTS_DIR; };
		43024C0E23B2A09C0067CF92 /* Main.storyboard */ = {isa = PBXFileReference; lastKnownFileType = file.storyboard; path = Main.storyboard; sourceTree = "<group>"; };
		43024C1023B2B56D0067CF92 /* BaseViewController.swift */ = {isa = PBXFileReference; lastKnownFileType = sourcecode.swift; path = BaseViewController.swift; sourceTree = "<group>"; };
		43024C1223B2B5D70067CF92 /* SideNavigationViewController.swift */ = {isa = PBXFileReference; lastKnownFileType = sourcecode.swift; path = SideNavigationViewController.swift; sourceTree = "<group>"; };
		4394265823B351EC00B42D36 /* SideNavigationStatus.swift */ = {isa = PBXFileReference; lastKnownFileType = sourcecode.swift; path = SideNavigationStatus.swift; sourceTree = "<group>"; };
		43B3715B23A4211700D8A3CD /* ArticleViewController.swift */ = {isa = PBXFileReference; lastKnownFileType = sourcecode.swift; path = ArticleViewController.swift; sourceTree = "<group>"; };
		43C6BF3A23A32C9E00D485F4 /* Category.swift */ = {isa = PBXFileReference; lastKnownFileType = sourcecode.swift; path = Category.swift; sourceTree = "<group>"; };
		43C6BF3C23A32D6F00D485F4 /* Article.swift */ = {isa = PBXFileReference; lastKnownFileType = sourcecode.swift; path = Article.swift; sourceTree = "<group>"; };
		43E5050723A190EC002050E8 /* Nikki.app */ = {isa = PBXFileReference; explicitFileType = wrapper.application; includeInIndex = 0; path = Nikki.app; sourceTree = BUILT_PRODUCTS_DIR; };
		43E5050A23A190EC002050E8 /* AppDelegate.swift */ = {isa = PBXFileReference; lastKnownFileType = sourcecode.swift; path = AppDelegate.swift; sourceTree = "<group>"; };
		43E5050C23A190EC002050E8 /* SceneDelegate.swift */ = {isa = PBXFileReference; lastKnownFileType = sourcecode.swift; path = SceneDelegate.swift; sourceTree = "<group>"; };
		43E5050E23A190EC002050E8 /* HomeViewController.swift */ = {isa = PBXFileReference; lastKnownFileType = sourcecode.swift; path = HomeViewController.swift; sourceTree = "<group>"; };
		43E5051123A190EC002050E8 /* Base */ = {isa = PBXFileReference; lastKnownFileType = file.storyboard; name = Base; path = Base.lproj/MainContents.storyboard; sourceTree = "<group>"; };
		43E5051323A190ED002050E8 /* Assets.xcassets */ = {isa = PBXFileReference; lastKnownFileType = folder.assetcatalog; path = Assets.xcassets; sourceTree = "<group>"; };
		43E5051623A190ED002050E8 /* Base */ = {isa = PBXFileReference; lastKnownFileType = file.storyboard; name = Base; path = Base.lproj/LaunchScreen.storyboard; sourceTree = "<group>"; };
		43E5051823A190ED002050E8 /* Info.plist */ = {isa = PBXFileReference; lastKnownFileType = text.plist.xml; path = Info.plist; sourceTree = "<group>"; };
		43E5052123A19269002050E8 /* Constants.swift */ = {isa = PBXFileReference; lastKnownFileType = sourcecode.swift; path = Constants.swift; sourceTree = "<group>"; };
		43E5052323A1AB9B002050E8 /* CreateViewController.swift */ = {isa = PBXFileReference; lastKnownFileType = sourcecode.swift; name = CreateViewController.swift; path = Nikki/Controllers/CreateViewController.swift; sourceTree = SOURCE_ROOT; };
		43F4DCE823A8470B00A06FA6 /* ManagementKeyboardViewController.swift */ = {isa = PBXFileReference; lastKnownFileType = sourcecode.swift; path = ManagementKeyboardViewController.swift; sourceTree = "<group>"; };
		43FCD7E323AAB2F500E04F69 /* Section.swift */ = {isa = PBXFileReference; lastKnownFileType = sourcecode.swift; path = Section.swift; sourceTree = "<group>"; };
		7C37CB65152BED832F99C04C /* Pods-Nikki.debug.xcconfig */ = {isa = PBXFileReference; includeInIndex = 1; lastKnownFileType = text.xcconfig; name = "Pods-Nikki.debug.xcconfig"; path = "Target Support Files/Pods-Nikki/Pods-Nikki.debug.xcconfig"; sourceTree = "<group>"; };
		DEA6DB06F232C5222A327F50 /* Pods-Nikki.release.xcconfig */ = {isa = PBXFileReference; includeInIndex = 1; lastKnownFileType = text.xcconfig; name = "Pods-Nikki.release.xcconfig"; path = "Target Support Files/Pods-Nikki/Pods-Nikki.release.xcconfig"; sourceTree = "<group>"; };
/* End PBXFileReference section */

/* Begin PBXFrameworksBuildPhase section */
		43E5050423A190EC002050E8 /* Frameworks */ = {
			isa = PBXFrameworksBuildPhase;
			buildActionMask = 2147483647;
			files = (
				4DB29B5021678AFDFA4906EC /* Pods_Nikki.framework in Frameworks */,
			);
			runOnlyForDeploymentPostprocessing = 0;
		};
/* End PBXFrameworksBuildPhase section */

/* Begin PBXGroup section */
		43E504FE23A190EC002050E8 = {
			isa = PBXGroup;
			children = (
				43E5050923A190EC002050E8 /* Nikki */,
				43E5050823A190EC002050E8 /* Products */,
				B397D21813C56F6D59807B19 /* Pods */,
				85AD9632602768276E61570E /* Frameworks */,
			);
			sourceTree = "<group>";
		};
		43E5050823A190EC002050E8 /* Products */ = {
			isa = PBXGroup;
			children = (
				43E5050723A190EC002050E8 /* Nikki.app */,
			);
			name = Products;
			sourceTree = "<group>";
		};
		43E5050923A190EC002050E8 /* Nikki */ = {
			isa = PBXGroup;
			children = (
				43E5050A23A190EC002050E8 /* AppDelegate.swift */,
				43E5050C23A190EC002050E8 /* SceneDelegate.swift */,
				43E5052023A19139002050E8 /* Models */,
				43E5051E23A19118002050E8 /* Views */,
				43E5051F23A19122002050E8 /* Controllers */,
				43E5051323A190ED002050E8 /* Assets.xcassets */,
				43E5051523A190ED002050E8 /* LaunchScreen.storyboard */,
				43E5051823A190ED002050E8 /* Info.plist */,
			);
			path = Nikki;
			sourceTree = "<group>";
		};
		43E5051E23A19118002050E8 /* Views */ = {
			isa = PBXGroup;
			children = (
				43024C0E23B2A09C0067CF92 /* Main.storyboard */,
				43E5051023A190EC002050E8 /* MainContents.storyboard */,
			);
			path = Views;
			sourceTree = "<group>";
		};
		43E5051F23A19122002050E8 /* Controllers */ = {
			isa = PBXGroup;
			children = (
				43024C1023B2B56D0067CF92 /* BaseViewController.swift */,
				43024C1223B2B5D70067CF92 /* SideNavigationViewController.swift */,
				43E5050E23A190EC002050E8 /* HomeViewController.swift */,
				43E5052323A1AB9B002050E8 /* CreateViewController.swift */,
				43B3715B23A4211700D8A3CD /* ArticleViewController.swift */,
				43F4DCE823A8470B00A06FA6 /* ManagementKeyboardViewController.swift */,
			);
			path = Controllers;
			sourceTree = "<group>";
		};
		43E5052023A19139002050E8 /* Models */ = {
			isa = PBXGroup;
			children = (
				43FCD7E323AAB2F500E04F69 /* Section.swift */,
				43C6BF3A23A32C9E00D485F4 /* Category.swift */,
				43C6BF3C23A32D6F00D485F4 /* Article.swift */,
				43E5052123A19269002050E8 /* Constants.swift */,
				4394265823B351EC00B42D36 /* SideNavigationStatus.swift */,
			);
			path = Models;
			sourceTree = "<group>";
		};
		85AD9632602768276E61570E /* Frameworks */ = {
			isa = PBXGroup;
			children = (
				3BB33F838701A9D922A632F2 /* Pods_Nikki.framework */,
			);
			name = Frameworks;
			sourceTree = "<group>";
		};
		B397D21813C56F6D59807B19 /* Pods */ = {
			isa = PBXGroup;
			children = (
				7C37CB65152BED832F99C04C /* Pods-Nikki.debug.xcconfig */,
				DEA6DB06F232C5222A327F50 /* Pods-Nikki.release.xcconfig */,
			);
			path = Pods;
			sourceTree = "<group>";
		};
/* End PBXGroup section */

/* Begin PBXNativeTarget section */
		43E5050623A190EC002050E8 /* Nikki */ = {
			isa = PBXNativeTarget;
			buildConfigurationList = 43E5051B23A190ED002050E8 /* Build configuration list for PBXNativeTarget "Nikki" */;
			buildPhases = (
				4CB4A34454D1711E59C8BF87 /* [CP] Check Pods Manifest.lock */,
				43E5050323A190EC002050E8 /* Sources */,
				43E5050423A190EC002050E8 /* Frameworks */,
				43E5050523A190EC002050E8 /* Resources */,
				D414261025E2C8F7DC7F1390 /* [CP] Embed Pods Frameworks */,
			);
			buildRules = (
			);
			dependencies = (
			);
			name = Nikki;
			productName = Nikki;
			productReference = 43E5050723A190EC002050E8 /* Nikki.app */;
			productType = "com.apple.product-type.application";
		};
/* End PBXNativeTarget section */

/* Begin PBXProject section */
		43E504FF23A190EC002050E8 /* Project object */ = {
			isa = PBXProject;
			attributes = {
				LastSwiftUpdateCheck = 1120;
				LastUpgradeCheck = 1120;
				ORGANIZATIONNAME = "Yuta Watanabe";
				TargetAttributes = {
					43E5050623A190EC002050E8 = {
						CreatedOnToolsVersion = 11.2.1;
					};
				};
			};
			buildConfigurationList = 43E5050223A190EC002050E8 /* Build configuration list for PBXProject "Nikki" */;
			compatibilityVersion = "Xcode 9.3";
			developmentRegion = en;
			hasScannedForEncodings = 0;
			knownRegions = (
				en,
				Base,
			);
			mainGroup = 43E504FE23A190EC002050E8;
			productRefGroup = 43E5050823A190EC002050E8 /* Products */;
			projectDirPath = "";
			projectRoot = "";
			targets = (
				43E5050623A190EC002050E8 /* Nikki */,
			);
		};
/* End PBXProject section */

/* Begin PBXResourcesBuildPhase section */
		43E5050523A190EC002050E8 /* Resources */ = {
			isa = PBXResourcesBuildPhase;
			buildActionMask = 2147483647;
			files = (
				43E5051723A190ED002050E8 /* LaunchScreen.storyboard in Resources */,
				43024C0F23B2A09C0067CF92 /* Main.storyboard in Resources */,
				43E5051423A190ED002050E8 /* Assets.xcassets in Resources */,
				43E5051223A190EC002050E8 /* MainContents.storyboard in Resources */,
			);
			runOnlyForDeploymentPostprocessing = 0;
		};
/* End PBXResourcesBuildPhase section */

/* Begin PBXShellScriptBuildPhase section */
		4CB4A34454D1711E59C8BF87 /* [CP] Check Pods Manifest.lock */ = {
			isa = PBXShellScriptBuildPhase;
			buildActionMask = 2147483647;
			files = (
			);
			inputFileListPaths = (
			);
			inputPaths = (
				"${PODS_PODFILE_DIR_PATH}/Podfile.lock",
				"${PODS_ROOT}/Manifest.lock",
			);
			name = "[CP] Check Pods Manifest.lock";
			outputFileListPaths = (
			);
			outputPaths = (
				"$(DERIVED_FILE_DIR)/Pods-Nikki-checkManifestLockResult.txt",
			);
			runOnlyForDeploymentPostprocessing = 0;
			shellPath = /bin/sh;
			shellScript = "diff \"${PODS_PODFILE_DIR_PATH}/Podfile.lock\" \"${PODS_ROOT}/Manifest.lock\" > /dev/null\nif [ $? != 0 ] ; then\n    # print error to STDERR\n    echo \"error: The sandbox is not in sync with the Podfile.lock. Run 'pod install' or update your CocoaPods installation.\" >&2\n    exit 1\nfi\n# This output is used by Xcode 'outputs' to avoid re-running this script phase.\necho \"SUCCESS\" > \"${SCRIPT_OUTPUT_FILE_0}\"\n";
			showEnvVarsInLog = 0;
		};
		D414261025E2C8F7DC7F1390 /* [CP] Embed Pods Frameworks */ = {
			isa = PBXShellScriptBuildPhase;
			buildActionMask = 2147483647;
			files = (
			);
			inputFileListPaths = (
				"${PODS_ROOT}/Target Support Files/Pods-Nikki/Pods-Nikki-frameworks-${CONFIGURATION}-input-files.xcfilelist",
			);
			name = "[CP] Embed Pods Frameworks";
			outputFileListPaths = (
				"${PODS_ROOT}/Target Support Files/Pods-Nikki/Pods-Nikki-frameworks-${CONFIGURATION}-output-files.xcfilelist",
			);
			runOnlyForDeploymentPostprocessing = 0;
			shellPath = /bin/sh;
			shellScript = "\"${PODS_ROOT}/Target Support Files/Pods-Nikki/Pods-Nikki-frameworks.sh\"\n";
			showEnvVarsInLog = 0;
		};
/* End PBXShellScriptBuildPhase section */

/* Begin PBXSourcesBuildPhase section */
		43E5050323A190EC002050E8 /* Sources */ = {
			isa = PBXSourcesBuildPhase;
			buildActionMask = 2147483647;
			files = (
				43C6BF3D23A32D6F00D485F4 /* Article.swift in Sources */,
				43B3715C23A4211700D8A3CD /* ArticleViewController.swift in Sources */,
				43024C1123B2B56D0067CF92 /* BaseViewController.swift in Sources */,
				4394265923B351EC00B42D36 /* SideNavigationStatus.swift in Sources */,
				43E5052423A1AB9B002050E8 /* CreateViewController.swift in Sources */,
				43E5050F23A190EC002050E8 /* HomeViewController.swift in Sources */,
				43024C1323B2B5D70067CF92 /* SideNavigationViewController.swift in Sources */,
				43FCD7E423AAB2F500E04F69 /* Section.swift in Sources */,
				43E5050B23A190EC002050E8 /* AppDelegate.swift in Sources */,
				43E5050D23A190EC002050E8 /* SceneDelegate.swift in Sources */,
				43F4DCE923A8470B00A06FA6 /* ManagementKeyboardViewController.swift in Sources */,
				43E5052223A19269002050E8 /* Constants.swift in Sources */,
				43C6BF3B23A32C9E00D485F4 /* Category.swift in Sources */,
			);
			runOnlyForDeploymentPostprocessing = 0;
		};
/* End PBXSourcesBuildPhase section */

/* Begin PBXVariantGroup section */
		43E5051023A190EC002050E8 /* MainContents.storyboard */ = {
			isa = PBXVariantGroup;
			children = (
				43E5051123A190EC002050E8 /* Base */,
			);
			name = MainContents.storyboard;
			sourceTree = "<group>";
		};
		43E5051523A190ED002050E8 /* LaunchScreen.storyboard */ = {
			isa = PBXVariantGroup;
			children = (
				43E5051623A190ED002050E8 /* Base */,
			);
			name = LaunchScreen.storyboard;
			sourceTree = "<group>";
		};
/* End PBXVariantGroup section */

/* Begin XCBuildConfiguration section */
		43E5051923A190ED002050E8 /* Debug */ = {
			isa = XCBuildConfiguration;
			buildSettings = {
				ALWAYS_SEARCH_USER_PATHS = NO;
				CLANG_ANALYZER_NONNULL = YES;
				CLANG_ANALYZER_NUMBER_OBJECT_CONVERSION = YES_AGGRESSIVE;
				CLANG_CXX_LANGUAGE_STANDARD = "gnu++14";
				CLANG_CXX_LIBRARY = "libc++";
				CLANG_ENABLE_MODULES = YES;
				CLANG_ENABLE_OBJC_ARC = YES;
				CLANG_ENABLE_OBJC_WEAK = YES;
				CLANG_WARN_BLOCK_CAPTURE_AUTORELEASING = YES;
				CLANG_WARN_BOOL_CONVERSION = YES;
				CLANG_WARN_COMMA = YES;
				CLANG_WARN_CONSTANT_CONVERSION = YES;
				CLANG_WARN_DEPRECATED_OBJC_IMPLEMENTATIONS = YES;
				CLANG_WARN_DIRECT_OBJC_ISA_USAGE = YES_ERROR;
				CLANG_WARN_DOCUMENTATION_COMMENTS = YES;
				CLANG_WARN_EMPTY_BODY = YES;
				CLANG_WARN_ENUM_CONVERSION = YES;
				CLANG_WARN_INFINITE_RECURSION = YES;
				CLANG_WARN_INT_CONVERSION = YES;
				CLANG_WARN_NON_LITERAL_NULL_CONVERSION = YES;
				CLANG_WARN_OBJC_IMPLICIT_RETAIN_SELF = YES;
				CLANG_WARN_OBJC_LITERAL_CONVERSION = YES;
				CLANG_WARN_OBJC_ROOT_CLASS = YES_ERROR;
				CLANG_WARN_RANGE_LOOP_ANALYSIS = YES;
				CLANG_WARN_STRICT_PROTOTYPES = YES;
				CLANG_WARN_SUSPICIOUS_MOVE = YES;
				CLANG_WARN_UNGUARDED_AVAILABILITY = YES_AGGRESSIVE;
				CLANG_WARN_UNREACHABLE_CODE = YES;
				CLANG_WARN__DUPLICATE_METHOD_MATCH = YES;
				COPY_PHASE_STRIP = NO;
				DEBUG_INFORMATION_FORMAT = dwarf;
				ENABLE_STRICT_OBJC_MSGSEND = YES;
				ENABLE_TESTABILITY = YES;
				GCC_C_LANGUAGE_STANDARD = gnu11;
				GCC_DYNAMIC_NO_PIC = NO;
				GCC_NO_COMMON_BLOCKS = YES;
				GCC_OPTIMIZATION_LEVEL = 0;
				GCC_PREPROCESSOR_DEFINITIONS = (
					"DEBUG=1",
					"$(inherited)",
				);
				GCC_WARN_64_TO_32_BIT_CONVERSION = YES;
				GCC_WARN_ABOUT_RETURN_TYPE = YES_ERROR;
				GCC_WARN_UNDECLARED_SELECTOR = YES;
				GCC_WARN_UNINITIALIZED_AUTOS = YES_AGGRESSIVE;
				GCC_WARN_UNUSED_FUNCTION = YES;
				GCC_WARN_UNUSED_VARIABLE = YES;
				IPHONEOS_DEPLOYMENT_TARGET = 13.2;
				MTL_ENABLE_DEBUG_INFO = INCLUDE_SOURCE;
				MTL_FAST_MATH = YES;
				ONLY_ACTIVE_ARCH = YES;
				SDKROOT = iphoneos;
				SWIFT_ACTIVE_COMPILATION_CONDITIONS = DEBUG;
				SWIFT_OPTIMIZATION_LEVEL = "-Onone";
			};
			name = Debug;
		};
		43E5051A23A190ED002050E8 /* Release */ = {
			isa = XCBuildConfiguration;
			buildSettings = {
				ALWAYS_SEARCH_USER_PATHS = NO;
				CLANG_ANALYZER_NONNULL = YES;
				CLANG_ANALYZER_NUMBER_OBJECT_CONVERSION = YES_AGGRESSIVE;
				CLANG_CXX_LANGUAGE_STANDARD = "gnu++14";
				CLANG_CXX_LIBRARY = "libc++";
				CLANG_ENABLE_MODULES = YES;
				CLANG_ENABLE_OBJC_ARC = YES;
				CLANG_ENABLE_OBJC_WEAK = YES;
				CLANG_WARN_BLOCK_CAPTURE_AUTORELEASING = YES;
				CLANG_WARN_BOOL_CONVERSION = YES;
				CLANG_WARN_COMMA = YES;
				CLANG_WARN_CONSTANT_CONVERSION = YES;
				CLANG_WARN_DEPRECATED_OBJC_IMPLEMENTATIONS = YES;
				CLANG_WARN_DIRECT_OBJC_ISA_USAGE = YES_ERROR;
				CLANG_WARN_DOCUMENTATION_COMMENTS = YES;
				CLANG_WARN_EMPTY_BODY = YES;
				CLANG_WARN_ENUM_CONVERSION = YES;
				CLANG_WARN_INFINITE_RECURSION = YES;
				CLANG_WARN_INT_CONVERSION = YES;
				CLANG_WARN_NON_LITERAL_NULL_CONVERSION = YES;
				CLANG_WARN_OBJC_IMPLICIT_RETAIN_SELF = YES;
				CLANG_WARN_OBJC_LITERAL_CONVERSION = YES;
				CLANG_WARN_OBJC_ROOT_CLASS = YES_ERROR;
				CLANG_WARN_RANGE_LOOP_ANALYSIS = YES;
				CLANG_WARN_STRICT_PROTOTYPES = YES;
				CLANG_WARN_SUSPICIOUS_MOVE = YES;
				CLANG_WARN_UNGUARDED_AVAILABILITY = YES_AGGRESSIVE;
				CLANG_WARN_UNREACHABLE_CODE = YES;
				CLANG_WARN__DUPLICATE_METHOD_MATCH = YES;
				COPY_PHASE_STRIP = NO;
				DEBUG_INFORMATION_FORMAT = "dwarf-with-dsym";
				ENABLE_NS_ASSERTIONS = NO;
				ENABLE_STRICT_OBJC_MSGSEND = YES;
				GCC_C_LANGUAGE_STANDARD = gnu11;
				GCC_NO_COMMON_BLOCKS = YES;
				GCC_WARN_64_TO_32_BIT_CONVERSION = YES;
				GCC_WARN_ABOUT_RETURN_TYPE = YES_ERROR;
				GCC_WARN_UNDECLARED_SELECTOR = YES;
				GCC_WARN_UNINITIALIZED_AUTOS = YES_AGGRESSIVE;
				GCC_WARN_UNUSED_FUNCTION = YES;
				GCC_WARN_UNUSED_VARIABLE = YES;
				IPHONEOS_DEPLOYMENT_TARGET = 13.2;
				MTL_ENABLE_DEBUG_INFO = NO;
				MTL_FAST_MATH = YES;
				SDKROOT = iphoneos;
				SWIFT_COMPILATION_MODE = wholemodule;
				SWIFT_OPTIMIZATION_LEVEL = "-O";
				VALIDATE_PRODUCT = YES;
			};
			name = Release;
		};
		43E5051C23A190ED002050E8 /* Debug */ = {
			isa = XCBuildConfiguration;
			baseConfigurationReference = 7C37CB65152BED832F99C04C /* Pods-Nikki.debug.xcconfig */;
			buildSettings = {
				ASSETCATALOG_COMPILER_APPICON_NAME = AppIcon;
				CODE_SIGN_STYLE = Automatic;
				DEVELOPMENT_TEAM = L394HNXLJU;
				INFOPLIST_FILE = Nikki/Info.plist;
				IPHONEOS_DEPLOYMENT_TARGET = 13.0;
				LD_RUNPATH_SEARCH_PATHS = (
					"$(inherited)",
					"@executable_path/Frameworks",
				);
				PRODUCT_BUNDLE_IDENTIFIER = "com.icloud-93cookie-yuuta.Nikki";
				PRODUCT_NAME = "$(TARGET_NAME)";
				SWIFT_VERSION = 5.0;
				TARGETED_DEVICE_FAMILY = "1,2";
			};
			name = Debug;
		};
		43E5051D23A190ED002050E8 /* Release */ = {
			isa = XCBuildConfiguration;
			baseConfigurationReference = DEA6DB06F232C5222A327F50 /* Pods-Nikki.release.xcconfig */;
			buildSettings = {
				ASSETCATALOG_COMPILER_APPICON_NAME = AppIcon;
				CODE_SIGN_STYLE = Automatic;
				DEVELOPMENT_TEAM = L394HNXLJU;
				INFOPLIST_FILE = Nikki/Info.plist;
				IPHONEOS_DEPLOYMENT_TARGET = 13.0;
				LD_RUNPATH_SEARCH_PATHS = (
					"$(inherited)",
					"@executable_path/Frameworks",
				);
				PRODUCT_BUNDLE_IDENTIFIER = "com.icloud-93cookie-yuuta.Nikki";
				PRODUCT_NAME = "$(TARGET_NAME)";
				SWIFT_VERSION = 5.0;
				TARGETED_DEVICE_FAMILY = "1,2";
			};
			name = Release;
		};
/* End XCBuildConfiguration section */

/* Begin XCConfigurationList section */
		43E5050223A190EC002050E8 /* Build configuration list for PBXProject "Nikki" */ = {
			isa = XCConfigurationList;
			buildConfigurations = (
				43E5051923A190ED002050E8 /* Debug */,
				43E5051A23A190ED002050E8 /* Release */,
			);
			defaultConfigurationIsVisible = 0;
			defaultConfigurationName = Release;
		};
		43E5051B23A190ED002050E8 /* Build configuration list for PBXNativeTarget "Nikki" */ = {
			isa = XCConfigurationList;
			buildConfigurations = (
				43E5051C23A190ED002050E8 /* Debug */,
				43E5051D23A190ED002050E8 /* Release */,
			);
			defaultConfigurationIsVisible = 0;
			defaultConfigurationName = Release;
		};
/* End XCConfigurationList section */
	};
	rootObject = 43E504FF23A190EC002050E8 /* Project object */;
}
